# THIS IS AN AUTOGENERATED FILE. DO NOT EDIT THIS FILE DIRECTLY.
# yarn lockfile v1


"@mapbox/geo-viewport@>= 0.4.0":
  version "0.4.0"
  resolved "https://registry.yarnpkg.com/@mapbox/geo-viewport/-/geo-viewport-0.4.0.tgz#0a8dc5812d3be12c778d6545b2f3f4dec9c633da"
  integrity sha512-5OAXoP8C96Co3UDIzFliSzrK5njb9oG2H/RTMaZUW1swxIZlj3n3A5ccep5XAEIhTWxBLg/Cz48D3rUbAdXwHQ==
  dependencies:
    "@mapbox/sphericalmercator" "~1.1.0"

"@mapbox/sphericalmercator@~1.1.0":
  version "1.1.0"
  resolved "https://registry.yarnpkg.com/@mapbox/sphericalmercator/-/sphericalmercator-1.1.0.tgz#f3b1af042620716a1289fc41e1e97f610823aefe"
  integrity sha512-pEsfZyG4OMThlfFQbCte4gegvHUjxXCjz0KZ4Xk8NdOYTQBLflj6U8PL05RPAiuRAMAQNUUKJuL6qYZ5Y4kAWA==

"@react-native-mapbox-gl/maps@^7.0.8":
  version "7.0.8"
  resolved "https://registry.yarnpkg.com/@react-native-mapbox-gl/maps/-/maps-7.0.8.tgz#f2d4ee09a889d1c62217c20ea29743f8ce0f886e"
  integrity sha512-6LCvTx0ZJwaySjxlOtf4zUKHkMXOGCTANDBLtGoxZtrYdcvJNfd/rtSyR7c/0amljZEhxN0u1k0Q8hkNkxOgHg==
  dependencies:
    "@mapbox/geo-viewport" ">= 0.4.0"
    "@turf/along" ">= 4.0.0 <7.0.0"
    "@turf/distance" ">= 4.0.0 <7.0.0"
    "@turf/helpers" ">= 4.6.0 <7.0.0"
    underscore "^1.8.3"

"@turf/along@>= 4.0.0 <7.0.0":
  version "6.0.1"
  resolved "https://registry.yarnpkg.com/@turf/along/-/along-6.0.1.tgz#595cecdc48fc7fcfa83c940a8e3eb24d4c2e04d4"
  integrity sha512-6PptAcrsFR3o0Flpktk8Vo68W2txEVTh14zjoTVu+H5docd2+pv5/upA77bg3YFBoJgAxmUFt1leDdjReJ44BQ==
  dependencies:
    "@turf/bearing" "6.x"
    "@turf/destination" "6.x"
    "@turf/distance" "6.x"
    "@turf/helpers" "6.x"
    "@turf/invariant" "6.x"

"@turf/bearing@6.x":
  version "6.0.1"
  resolved "https://registry.yarnpkg.com/@turf/bearing/-/bearing-6.0.1.tgz#8da5d17092e571f170cde7bfb2e5b0d74923c92d"
  integrity sha512-mXY1NozqV9EFfBTbUItujwfqfQF0G/Xe2fzvnZle90ekPEUfhi4Dgf5JswJTd96J9LiT8kcd6Jonp5khnx0wIg==
  dependencies:
    "@turf/helpers" "6.x"
    "@turf/invariant" "6.x"

"@turf/destination@6.x":
  version "6.0.1"
  resolved "https://registry.yarnpkg.com/@turf/destination/-/destination-6.0.1.tgz#5275887fa96ec463f44864a2c17f0b712361794a"
  integrity sha512-MroK4nRdp7as174miCAugp8Uvorhe6rZ7MJiC9Hb4+hZR7gNFJyVKmkdDDXIoCYs6MJQsx0buI+gsCpKwgww0Q==
  dependencies:
    "@turf/helpers" "6.x"
    "@turf/invariant" "6.x"

"@turf/distance@6.x", "@turf/distance@>= 4.0.0 <7.0.0":
  version "6.0.1"
  resolved "https://registry.yarnpkg.com/@turf/distance/-/distance-6.0.1.tgz#0761f28784286e7865a427c4e7e3593569c2dea8"
  integrity sha512-q7t7rWIWfkg7MP1Vt4uLjSEhe5rPfCO2JjpKmk7JC+QZKEQkuvHEqy3ejW1iC7Kw5ZcZNR3qdMGGz+6HnVwqvg==
  dependencies:
    "@turf/helpers" "6.x"
    "@turf/invariant" "6.x"

"@turf/helpers@6.x", "@turf/helpers@>= 4.6.0 <7.0.0":
  version "6.1.4"
  resolved "https://registry.yarnpkg.com/@turf/helpers/-/helpers-6.1.4.tgz#d6fd7ebe6782dd9c87dca5559bda5c48ae4c3836"
  integrity sha512-vJvrdOZy1ngC7r3MDA7zIGSoIgyrkWcGnNIEaqn/APmw+bVLF2gAW7HIsdTxd12s5wQMqEpqIQrmrbRRZ0xC7g==

"@turf/invariant@6.x":
  version "6.1.2"
  resolved "https://registry.yarnpkg.com/@turf/invariant/-/invariant-6.1.2.tgz#6013ed6219f9ac2edada9b31e1dfa5918eb0a2f7"
  integrity sha512-WU08Ph8j0J2jVGlQCKChXoCtI50BB3yEH21V++V0T4cR1T27HKCxkehV2sYMwTierfMBgjwSwDIsxnR4/2mWXg==
  dependencies:
    "@turf/helpers" "6.x"

arg@^4.1.0:
  version "4.1.2"
  resolved "https://registry.yarnpkg.com/arg/-/arg-4.1.2.tgz#e70c90579e02c63d80e3ad4e31d8bfdb8bd50064"
  integrity sha512-+ytCkGcBtHZ3V2r2Z06AncYO8jz46UEamcspGoU8lHcEbpn6J77QK0vdWvChsclg/tM5XIJC5tnjmPp7Eq6Obg==

buffer-from@^1.0.0:
  version "1.1.1"
  resolved "https://registry.yarnpkg.com/buffer-from/-/buffer-from-1.1.1.tgz#32713bc028f75c02fdb710d7c7bcec1f2c6070ef"
  integrity sha512-MQcXEUbCKtEo7bhqEs6560Hyd4XaovZlO/k9V3hjVUF/zwW7KBVdSK4gIt/bzwS9MbR5qob+F5jusZsb0YQK2A==

diff@^4.0.1:
  version "4.0.1"
  resolved "https://registry.yarnpkg.com/diff/-/diff-4.0.1.tgz#0c667cb467ebbb5cea7f14f135cc2dba7780a8ff"
  integrity sha512-s2+XdvhPCOF01LRQBC8hf4vhbVmI2CGS5aZnxLJlT5FtdhPCDFq80q++zK2KlrVorVDdL5BOGZ/VfLrVtYNF+Q==

make-error@^1.1.1:
  version "1.3.5"
  resolved "https://registry.yarnpkg.com/make-error/-/make-error-1.3.5.tgz#efe4e81f6db28cadd605c70f29c831b58ef776c8"
  integrity sha512-c3sIjNUow0+8swNwVpqoH4YCShKNFkMaw6oH1mNS2haDZQqkeZFlHS3dhoeEbKKmJB4vXpJucU6oH75aDYeE9g==

source-map-support@^0.5.6:
  version "0.5.16"
  resolved "https://registry.yarnpkg.com/source-map-support/-/source-map-support-0.5.16.tgz#0ae069e7fe3ba7538c64c98515e35339eac5a042"
  integrity sha512-efyLRJDr68D9hBBNIPWFjhpFzURh+KJykQwvMyW5UiZzYwoF6l4YMMDIJJEyFWxWCqfyxLzz6tSfUFR+kXXsVQ==
  dependencies:
    buffer-from "^1.0.0"
    source-map "^0.6.0"

source-map@^0.6.0:
  version "0.6.1"
  resolved "https://registry.yarnpkg.com/source-map/-/source-map-0.6.1.tgz#74722af32e9614e9c287a8d0bbde48b5e2f1a263"
  integrity sha512-UjgapumWlbMhkBgzT7Ykc5YXUT46F0iKu8SGXq0bcwP5dz/h0Plj6enJqjz1Zbq2l5WaqYnrVbwWOWMyF3F47g==

ts-node@^8.5.4:
  version "8.5.4"
  resolved "https://registry.yarnpkg.com/ts-node/-/ts-node-8.5.4.tgz#a152add11fa19c221d0b48962c210cf467262ab2"
  integrity sha512-izbVCRV68EasEPQ8MSIGBNK9dc/4sYJJKYA+IarMQct1RtEot6Xp0bXuClsbUSnKpg50ho+aOAx8en5c+y4OFw==
  dependencies:
    arg "^4.1.0"
    diff "^4.0.1"
    make-error "^1.1.1"
    source-map-support "^0.5.6"
    yn "^3.0.0"

typescript@^3.7.4:
  version "3.7.4"
  resolved "https://registry.yarnpkg.com/typescript/-/typescript-3.7.4.tgz#1743a5ec5fef6a1fa9f3e4708e33c81c73876c19"
  integrity sha512-A25xv5XCtarLwXpcDNZzCGvW2D1S3/bACratYBx2sax8PefsFhlYmkQicKHvpYflFS8if4zne5zT5kpJ7pzuvw==

underscore@^1.8.3:
  version "1.9.1"
  resolved "https://registry.yarnpkg.com/underscore/-/underscore-1.9.1.tgz#06dce34a0e68a7babc29b365b8e74b8925203961"
  integrity sha512-5/4etnCkd9c8gwgowi5/om/mYO5ajCaOgdzj/oW+0eQV9WxKBDZw5+ycmKmeaTXjInS/W0BzpGLo2xR2aBwZdg==

yn@^3.0.0:
  version "3.1.1"
  resolved "https://registry.yarnpkg.com/yn/-/yn-3.1.1.tgz#1e87401a09d767c1d5eab26a6e4c185182d2eb50"
  integrity sha512-Ux4ygGWsu2c7isFWe8Yu1YluJmqVhxqK2cLXNQA5AcC3QfbGNpM7fu0Y8b/z16pXLnFxZYvWhd3fhBY9DLmC6Q==
